github.com/en-v/log v0.0.6 h1:qwARxq95f3W5Ng2vnykAy2OSRpW9EwliKXuUPiE78Mw=
github.com/en-v/log v0.0.6/go.mod h1:s3s3CmRlrpsyhacQTDOes0K5rENsKJL7UqKtwD8sOYM=
github.com/pkg/errors v0.9.1 h1:FEBLx1zS214owpjy7qsBeixbURkuhQAwrK5UwLGTwt4=
github.com/pkg/errors v0.9.1/go.mod h1:bwawxfHBFNV+L2hUp1rHADufV3IMtnDRdf1r5NINEl0=
